// !$*UTF8*$!
{
	archiveVersion = 1;
	classes = {
	};
	objectVersion = 56;
	objects = {

/* Begin PBXBuildFile section */
		F965FE422BA89AE400DBD5E1 /* AppDelegate.swift in Sources */ = {isa = PBXBuildFile; fileRef = F965FE412BA89AE400DBD5E1 /* AppDelegate.swift */; };
		F965FE442BA89AE400DBD5E1 /* SceneDelegate.swift in Sources */ = {isa = PBXBuildFile; fileRef = F965FE432BA89AE400DBD5E1 /* SceneDelegate.swift */; };
		F965FE462BA89AE400DBD5E1 /* ViewController.swift in Sources */ = {isa = PBXBuildFile; fileRef = F965FE452BA89AE400DBD5E1 /* ViewController.swift */; };
		F965FE492BA89AE400DBD5E1 /* Main.storyboard in Resources */ = {isa = PBXBuildFile; fileRef = F965FE472BA89AE400DBD5E1 /* Main.storyboard */; };
		F965FE4C2BA89AE400DBD5E1 /* InterviewPrepration.xcdatamodeld in Sources */ = {isa = PBXBuildFile; fileRef = F965FE4A2BA89AE400DBD5E1 /* InterviewPrepration.xcdatamodeld */; };
		F965FE4E2BA89AE600DBD5E1 /* Assets.xcassets in Resources */ = {isa = PBXBuildFile; fileRef = F965FE4D2BA89AE600DBD5E1 /* Assets.xcassets */; };
		F965FE512BA89AE600DBD5E1 /* LaunchScreen.storyboard in Resources */ = {isa = PBXBuildFile; fileRef = F965FE4F2BA89AE600DBD5E1 /* LaunchScreen.storyboard */; };
		F965FE5C2BA89AE600DBD5E1 /* InterviewPreprationTests.swift in Sources */ = {isa = PBXBuildFile; fileRef = F965FE5B2BA89AE600DBD5E1 /* InterviewPreprationTests.swift */; };
		F965FE662BA89AE600DBD5E1 /* InterviewPreprationUITests.swift in Sources */ = {isa = PBXBuildFile; fileRef = F965FE652BA89AE600DBD5E1 /* InterviewPreprationUITests.swift */; };
		F965FE682BA89AE600DBD5E1 /* InterviewPreprationUITestsLaunchTests.swift in Sources */ = {isa = PBXBuildFile; fileRef = F965FE672BA89AE600DBD5E1 /* InterviewPreprationUITestsLaunchTests.swift */; };
/* End PBXBuildFile section */

/* Begin PBXContainerItemProxy section */
		F965FE582BA89AE600DBD5E1 /* PBXContainerItemProxy */ = {
			isa = PBXContainerItemProxy;
			containerPortal = F965FE362BA89AE400DBD5E1 /* Project object */;
			proxyType = 1;
			remoteGlobalIDString = F965FE3D2BA89AE400DBD5E1;
			remoteInfo = InterviewPrepration;
		};
		F965FE622BA89AE600DBD5E1 /* PBXContainerItemProxy */ = {
			isa = PBXContainerItemProxy;
			containerPortal = F965FE362BA89AE400DBD5E1 /* Project object */;
			proxyType = 1;
			remoteGlobalIDString = F965FE3D2BA89AE400DBD5E1;
			remoteInfo = InterviewPrepration;
		};
/* End PBXContainerItemProxy section */

/* Begin PBXFileReference section */
		F965FE3E2BA89AE400DBD5E1 /* InterviewPrepration.app */ = {isa = PBXFileReference; explicitFileType = wrapper.application; includeInIndex = 0; path = InterviewPrepration.app; sourceTree = BUILT_PRODUCTS_DIR; };
		F965FE412BA89AE400DBD5E1 /* AppDelegate.swift */ = {isa = PBXFileReference; lastKnownFileType = sourcecode.swift; path = AppDelegate.swift; sourceTree = "<group>"; };
		F965FE432BA89AE400DBD5E1 /* SceneDelegate.swift */ = {isa = PBXFileReference; lastKnownFileType = sourcecode.swift; path = SceneDelegate.swift; sourceTree = "<group>"; };
		F965FE452BA89AE400DBD5E1 /* ViewController.swift */ = {isa = PBXFileReference; lastKnownFileType = sourcecode.swift; path = ViewController.swift; sourceTree = "<group>"; };
		F965FE482BA89AE400DBD5E1 /* Base */ = {isa = PBXFileReference; lastKnownFileType = file.storyboard; name = Base; path = Base.lproj/Main.storyboard; sourceTree = "<group>"; };
		F965FE4B2BA89AE400DBD5E1 /* InterviewPrepration.xcdatamodel */ = {isa = PBXFileReference; lastKnownFileType = wrapper.xcdatamodel; path = InterviewPrepration.xcdatamodel; sourceTree = "<group>"; };
		F965FE4D2BA89AE600DBD5E1 /* Assets.xcassets */ = {isa = PBXFileReference; lastKnownFileType = folder.assetcatalog; path = Assets.xcassets; sourceTree = "<group>"; };
		F965FE502BA89AE600DBD5E1 /* Base */ = {isa = PBXFileReference; lastKnownFileType = file.storyboard; name = Base; path = Base.lproj/LaunchScreen.storyboard; sourceTree = "<group>"; };
		F965FE522BA89AE600DBD5E1 /* Info.plist */ = {isa = PBXFileReference; lastKnownFileType = text.plist.xml; path = Info.plist; sourceTree = "<group>"; };
		F965FE572BA89AE600DBD5E1 /* InterviewPreprationTests.xctest */ = {isa = PBXFileReference; explicitFileType = wrapper.cfbundle; includeInIndex = 0; path = InterviewPreprationTests.xctest; sourceTree = BUILT_PRODUCTS_DIR; };
		F965FE5B2BA89AE600DBD5E1 /* InterviewPreprationTests.swift */ = {isa = PBXFileReference; lastKnownFileType = sourcecode.swift; path = InterviewPreprationTests.swift; sourceTree = "<group>"; };
		F965FE612BA89AE600DBD5E1 /* InterviewPreprationUITests.xctest */ = {isa = PBXFileReference; explicitFileType = wrapper.cfbundle; includeInIndex = 0; path = InterviewPreprationUITests.xctest; sourceTree = BUILT_PRODUCTS_DIR; };
		F965FE652BA89AE600DBD5E1 /* InterviewPreprationUITests.swift */ = {isa = PBXFileReference; lastKnownFileType = sourcecode.swift; path = InterviewPreprationUITests.swift; sourceTree = "<group>"; };
		F965FE672BA89AE600DBD5E1 /* InterviewPreprationUITestsLaunchTests.swift */ = {isa = PBXFileReference; lastKnownFileType = sourcecode.swift; path = InterviewPreprationUITestsLaunchTests.swift; sourceTree = "<group>"; };
/* End PBXFileReference section */

/* Begin PBXFrameworksBuildPhase section */
		F965FE3B2BA89AE400DBD5E1 /* Frameworks */ = {
			isa = PBXFrameworksBuildPhase;
			buildActionMask = 2147483647;
			files = (
			);
			runOnlyForDeploymentPostprocessing = 0;
		};
		F965FE542BA89AE600DBD5E1 /* Frameworks */ = {
			isa = PBXFrameworksBuildPhase;
			buildActionMask = 2147483647;
			files = (
			);
			runOnlyForDeploymentPostprocessing = 0;
		};
		F965FE5E2BA89AE600DBD5E1 /* Frameworks */ = {
			isa = PBXFrameworksBuildPhase;
			buildActionMask = 2147483647;
			files = (
			);
			runOnlyForDeploymentPostprocessing = 0;
		};
/* End PBXFrameworksBuildPhase section */

/* Begin PBXGroup section */
		F965FE352BA89AE400DBD5E1 = {
			isa = PBXGroup;
			children = (
				F965FE402BA89AE400DBD5E1 /* InterviewPrepration */,
				F965FE5A2BA89AE600DBD5E1 /* InterviewPreprationTests */,
				F965FE642BA89AE600DBD5E1 /* InterviewPreprationUITests */,
				F965FE3F2BA89AE400DBD5E1 /* Products */,
			);
			sourceTree = "<group>";
		};
		F965FE3F2BA89AE400DBD5E1 /* Products */ = {
			isa = PBXGroup;
			children = (
				F965FE3E2BA89AE400DBD5E1 /* InterviewPrepration.app */,
				F965FE572BA89AE600DBD5E1 /* InterviewPreprationTests.xctest */,
				F965FE612BA89AE600DBD5E1 /* InterviewPreprationUITests.xctest */,
			);
			name = Products;
			sourceTree = "<group>";
		};
		F965FE402BA89AE400DBD5E1 /* InterviewPrepration */ = {
			isa = PBXGroup;
			children = (
				F965FE792BA8C5C300DBD5E1 /* Data */,
				F965FE782BA8C5B800DBD5E1 /* Domain */,
				F965FE772BA8AAB800DBD5E1 /* Application */,
				F965FE762BA8AAAD00DBD5E1 /* Presentation */,
				F965FE412BA89AE400DBD5E1 /* AppDelegate.swift */,
				F965FE432BA89AE400DBD5E1 /* SceneDelegate.swift */,
				F965FE452BA89AE400DBD5E1 /* ViewController.swift */,
				F965FE472BA89AE400DBD5E1 /* Main.storyboard */,
				F965FE4D2BA89AE600DBD5E1 /* Assets.xcassets */,
				F965FE4F2BA89AE600DBD5E1 /* LaunchScreen.storyboard */,
				F965FE522BA89AE600DBD5E1 /* Info.plist */,
				F965FE4A2BA89AE400DBD5E1 /* InterviewPrepration.xcdatamodeld */,
			);
			path = InterviewPrepration;
			sourceTree = "<group>";
		};
		F965FE5A2BA89AE600DBD5E1 /* InterviewPreprationTests */ = {
			isa = PBXGroup;
			children = (
				F965FE5B2BA89AE600DBD5E1 /* InterviewPreprationTests.swift */,
			);
			path = InterviewPreprationTests;
			sourceTree = "<group>";
		};
		F965FE642BA89AE600DBD5E1 /* InterviewPreprationUITests */ = {
			isa = PBXGroup;
			children = (
				F965FE652BA89AE600DBD5E1 /* InterviewPreprationUITests.swift */,
				F965FE672BA89AE600DBD5E1 /* InterviewPreprationUITestsLaunchTests.swift */,
			);
			path = InterviewPreprationUITests;
			sourceTree = "<group>";
		};
		F965FE762BA8AAAD00DBD5E1 /* Presentation */ = {
			isa = PBXGroup;
			children = (
			);
			path = Presentation;
			sourceTree = "<group>";
		};
		F965FE772BA8AAB800DBD5E1 /* Application */ = {
			isa = PBXGroup;
			children = (
			);
			path = Application;
			sourceTree = "<group>";
		};
		F965FE782BA8C5B800DBD5E1 /* Domain */ = {
			isa = PBXGroup;
			children = (
			);
			path = Domain;
			sourceTree = "<group>";
		};
		F965FE792BA8C5C300DBD5E1 /* Data */ = {
			isa = PBXGroup;
			children = (
			);
			path = Data;
			sourceTree = "<group>";
		};
/* End PBXGroup section */

/* Begin PBXNativeTarget section */
		F965FE3D2BA89AE400DBD5E1 /* InterviewPrepration */ = {
			isa = PBXNativeTarget;
			buildConfigurationList = F965FE6B2BA89AE600DBD5E1 /* Build configuration list for PBXNativeTarget "InterviewPrepration" */;
			buildPhases = (
				F965FE3A2BA89AE400DBD5E1 /* Sources */,
				F965FE3B2BA89AE400DBD5E1 /* Frameworks */,
				F965FE3C2BA89AE400DBD5E1 /* Resources */,
			);
			buildRules = (
			);
			dependencies = (
			);
			name = InterviewPrepration;
			productName = InterviewPrepration;
			productReference = F965FE3E2BA89AE400DBD5E1 /* InterviewPrepration.app */;
			productType = "com.apple.product-type.application";
		};
		F965FE562BA89AE600DBD5E1 /* InterviewPreprationTests */ = {
			isa = PBXNativeTarget;
			buildConfigurationList = F965FE6E2BA89AE600DBD5E1 /* Build configuration list for PBXNativeTarget "InterviewPreprationTests" */;
			buildPhases = (
				F965FE532BA89AE600DBD5E1 /* Sources */,
				F965FE542BA89AE600DBD5E1 /* Frameworks */,
				F965FE552BA89AE600DBD5E1 /* Resources */,
			);
			buildRules = (
			);
			dependencies = (
				F965FE592BA89AE600DBD5E1 /* PBXTargetDependency */,
			);
			name = InterviewPreprationTests;
			productName = InterviewPreprationTests;
			productReference = F965FE572BA89AE600DBD5E1 /* InterviewPreprationTests.xctest */;
			productType = "com.apple.product-type.bundle.unit-test";
		};
		F965FE602BA89AE600DBD5E1 /* InterviewPreprationUITests */ = {
			isa = PBXNativeTarget;
			buildConfigurationList = F965FE712BA89AE600DBD5E1 /* Build configuration list for PBXNativeTarget "InterviewPreprationUITests" */;
			buildPhases = (
				F965FE5D2BA89AE600DBD5E1 /* Sources */,
				F965FE5E2BA89AE600DBD5E1 /* Frameworks */,
				F965FE5F2BA89AE600DBD5E1 /* Resources */,
			);
			buildRules = (
			);
			dependencies = (
				F965FE632BA89AE600DBD5E1 /* PBXTargetDependency */,
			);
			name = InterviewPreprationUITests;
			productName = InterviewPreprationUITests;
			productReference = F965FE612BA89AE600DBD5E1 /* InterviewPreprationUITests.xctest */;
			productType = "com.apple.product-type.bundle.ui-testing";
		};
/* End PBXNativeTarget section */

/* Begin PBXProject section */
		F965FE362BA89AE400DBD5E1 /* Project object */ = {
			isa = PBXProject;
			attributes = {
				BuildIndependentTargetsInParallel = 1;
				LastSwiftUpdateCheck = 1420;
				LastUpgradeCheck = 1420;
				TargetAttributes = {
					F965FE3D2BA89AE400DBD5E1 = {
						CreatedOnToolsVersion = 14.2;
					};
					F965FE562BA89AE600DBD5E1 = {
						CreatedOnToolsVersion = 14.2;
						TestTargetID = F965FE3D2BA89AE400DBD5E1;
					};
					F965FE602BA89AE600DBD5E1 = {
						CreatedOnToolsVersion = 14.2;
						TestTargetID = F965FE3D2BA89AE400DBD5E1;
					};
				};
			};
			buildConfigurationList = F965FE392BA89AE400DBD5E1 /* Build configuration list for PBXProject "InterviewPrepration" */;
			compatibilityVersion = "Xcode 14.0";
			developmentRegion = en;
			hasScannedForEncodings = 0;
			knownRegions = (
				en,
				Base,
			);
			mainGroup = F965FE352BA89AE400DBD5E1;
			productRefGroup = F965FE3F2BA89AE400DBD5E1 /* Products */;
			projectDirPath = "";
			projectRoot = "";
			targets = (
				F965FE3D2BA89AE400DBD5E1 /* InterviewPrepration */,
				F965FE562BA89AE600DBD5E1 /* InterviewPreprationTests */,
				F965FE602BA89AE600DBD5E1 /* InterviewPreprationUITests */,
			);
		};
/* End PBXProject section */

/* Begin PBXResourcesBuildPhase section */
		F965FE3C2BA89AE400DBD5E1 /* Resources */ = {
			isa = PBXResourcesBuildPhase;
			buildActionMask = 2147483647;
			files = (
				F965FE512BA89AE600DBD5E1 /* LaunchScreen.storyboard in Resources */,
				F965FE4E2BA89AE600DBD5E1 /* Assets.xcassets in Resources */,
				F965FE492BA89AE400DBD5E1 /* Main.storyboard in Resources */,
			);
			runOnlyForDeploymentPostprocessing = 0;
		};
		F965FE552BA89AE600DBD5E1 /* Resources */ = {
			isa = PBXResourcesBuildPhase;
			buildActionMask = 2147483647;
			files = (
			);
			runOnlyForDeploymentPostprocessing = 0;
		};
		F965FE5F2BA89AE600DBD5E1 /* Resources */ = {
			isa = PBXResourcesBuildPhase;
			buildActionMask = 2147483647;
			files = (
			);
			runOnlyForDeploymentPostprocessing = 0;
		};
/* End PBXResourcesBuildPhase section */

/* Begin PBXSourcesBuildPhase section */
		F965FE3A2BA89AE400DBD5E1 /* Sources */ = {
			isa = PBXSourcesBuildPhase;
			buildActionMask = 2147483647;
			files = (
				F965FE462BA89AE400DBD5E1 /* ViewController.swift in Sources */,
				F965FE422BA89AE400DBD5E1 /* AppDelegate.swift in Sources */,
				F965FE4C2BA89AE400DBD5E1 /* InterviewPrepration.xcdatamodeld in Sources */,
				F965FE442BA89AE400DBD5E1 /* SceneDelegate.swift in Sources */,
			);
			runOnlyForDeploymentPostprocessing = 0;
		};
		F965FE532BA89AE600DBD5E1 /* Sources */ = {
			isa = PBXSourcesBuildPhase;
			buildActionMask = 2147483647;
			files = (
				F965FE5C2BA89AE600DBD5E1 /* InterviewPreprationTests.swift in Sources */,
			);
			runOnlyForDeploymentPostprocessing = 0;
		};
		F965FE5D2BA89AE600DBD5E1 /* Sources */ = {
			isa = PBXSourcesBuildPhase;
			buildActionMask = 2147483647;
			files = (
				F965FE682BA89AE600DBD5E1 /* InterviewPreprationUITestsLaunchTests.swift in Sources */,
				F965FE662BA89AE600DBD5E1 /* InterviewPreprationUITests.swift in Sources */,
			);
			runOnlyForDeploymentPostprocessing = 0;
		};
/* End PBXSourcesBuildPhase section */

/* Begin PBXTargetDependency section */
		F965FE592BA89AE600DBD5E1 /* PBXTargetDependency */ = {
			isa = PBXTargetDependency;
			target = F965FE3D2BA89AE400DBD5E1 /* InterviewPrepration */;
			targetProxy = F965FE582BA89AE600DBD5E1 /* PBXContainerItemProxy */;
		};
		F965FE632BA89AE600DBD5E1 /* PBXTargetDependency */ = {
			isa = PBXTargetDependency;
			target = F965FE3D2BA89AE400DBD5E1 /* InterviewPrepration */;
			targetProxy = F965FE622BA89AE600DBD5E1 /* PBXContainerItemProxy */;
		};
/* End PBXTargetDependency section */

/* Begin PBXVariantGroup section */
		F965FE472BA89AE400DBD5E1 /* Main.storyboard */ = {
			isa = PBXVariantGroup;
			children = (
				F965FE482BA89AE400DBD5E1 /* Base */,
			);
			name = Main.storyboard;
			sourceTree = "<group>";
		};
		F965FE4F2BA89AE600DBD5E1 /* LaunchScreen.storyboard */ = {
			isa = PBXVariantGroup;
			children = (
				F965FE502BA89AE600DBD5E1 /* Base */,
			);
			name = LaunchScreen.storyboard;
			sourceTree = "<group>";
		};
/* End PBXVariantGroup section */

/* Begin XCBuildConfiguration section */
		F965FE692BA89AE600DBD5E1 /* Debug */ = {
			isa = XCBuildConfiguration;
			buildSettings = {
				ALWAYS_SEARCH_USER_PATHS = NO;
				CLANG_ANALYZER_NONNULL = YES;
				CLANG_ANALYZER_NUMBER_OBJECT_CONVERSION = YES_AGGRESSIVE;
				CLANG_CXX_LANGUAGE_STANDARD = "gnu++20";
				CLANG_ENABLE_MODULES = YES;
				CLANG_ENABLE_OBJC_ARC = YES;
				CLANG_ENABLE_OBJC_WEAK = YES;
				CLANG_WARN_BLOCK_CAPTURE_AUTORELEASING = YES;
				CLANG_WARN_BOOL_CONVERSION = YES;
				CLANG_WARN_COMMA = YES;
				CLANG_WARN_CONSTANT_CONVERSION = YES;
				CLANG_WARN_DEPRECATED_OBJC_IMPLEMENTATIONS = YES;
				CLANG_WARN_DIRECT_OBJC_ISA_USAGE = YES_ERROR;
				CLANG_WARN_DOCUMENTATION_COMMENTS = YES;
				CLANG_WARN_EMPTY_BODY = YES;
				CLANG_WARN_ENUM_CONVERSION = YES;
				CLANG_WARN_INFINITE_RECURSION = YES;
				CLANG_WARN_INT_CONVERSION = YES;
				CLANG_WARN_NON_LITERAL_NULL_CONVERSION = YES;
				CLANG_WARN_OBJC_IMPLICIT_RETAIN_SELF = YES;
				CLANG_WARN_OBJC_LITERAL_CONVERSION = YES;
				CLANG_WARN_OBJC_ROOT_CLASS = YES_ERROR;
				CLANG_WARN_QUOTED_INCLUDE_IN_FRAMEWORK_HEADER = YES;
				CLANG_WARN_RANGE_LOOP_ANALYSIS = YES;
				CLANG_WARN_STRICT_PROTOTYPES = YES;
				CLANG_WARN_SUSPICIOUS_MOVE = YES;
				CLANG_WARN_UNGUARDED_AVAILABILITY = YES_AGGRESSIVE;
				CLANG_WARN_UNREACHABLE_CODE = YES;
				CLANG_WARN__DUPLICATE_METHOD_MATCH = YES;
				COPY_PHASE_STRIP = NO;
				DEBUG_INFORMATION_FORMAT = dwarf;
				ENABLE_STRICT_OBJC_MSGSEND = YES;
				ENABLE_TESTABILITY = YES;
				GCC_C_LANGUAGE_STANDARD = gnu11;
				GCC_DYNAMIC_NO_PIC = NO;
				GCC_NO_COMMON_BLOCKS = YES;
				GCC_OPTIMIZATION_LEVEL = 0;
				GCC_PREPROCESSOR_DEFINITIONS = (
					"DEBUG=1",
					"$(inherited)",
				);
				GCC_WARN_64_TO_32_BIT_CONVERSION = YES;
				GCC_WARN_ABOUT_RETURN_TYPE = YES_ERROR;
				GCC_WARN_UNDECLARED_SELECTOR = YES;
				GCC_WARN_UNINITIALIZED_AUTOS = YES_AGGRESSIVE;
				GCC_WARN_UNUSED_FUNCTION = YES;
				GCC_WARN_UNUSED_VARIABLE = YES;
				IPHONEOS_DEPLOYMENT_TARGET = 16.2;
				MTL_ENABLE_DEBUG_INFO = INCLUDE_SOURCE;
				MTL_FAST_MATH = YES;
				ONLY_ACTIVE_ARCH = YES;
				SDKROOT = iphoneos;
				SWIFT_ACTIVE_COMPILATION_CONDITIONS = DEBUG;
				SWIFT_OPTIMIZATION_LEVEL = "-Onone";
			};
			name = Debug;
		};
		F965FE6A2BA89AE600DBD5E1 /* Release */ = {
			isa = XCBuildConfiguration;
			buildSettings = {
				ALWAYS_SEARCH_USER_PATHS = NO;
				CLANG_ANALYZER_NONNULL = YES;
				CLANG_ANALYZER_NUMBER_OBJECT_CONVERSION = YES_AGGRESSIVE;
				CLANG_CXX_LANGUAGE_STANDARD = "gnu++20";
				CLANG_ENABLE_MODULES = YES;
				CLANG_ENABLE_OBJC_ARC = YES;
				CLANG_ENABLE_OBJC_WEAK = YES;
				CLANG_WARN_BLOCK_CAPTURE_AUTORELEASING = YES;
				CLANG_WARN_BOOL_CONVERSION = YES;
				CLANG_WARN_COMMA = YES;
				CLANG_WARN_CONSTANT_CONVERSION = YES;
				CLANG_WARN_DEPRECATED_OBJC_IMPLEMENTATIONS = YES;
				CLANG_WARN_DIRECT_OBJC_ISA_USAGE = YES_ERROR;
				CLANG_WARN_DOCUMENTATION_COMMENTS = YES;
				CLANG_WARN_EMPTY_BODY = YES;
				CLANG_WARN_ENUM_CONVERSION = YES;
				CLANG_WARN_INFINITE_RECURSION = YES;
				CLANG_WARN_INT_CONVERSION = YES;
				CLANG_WARN_NON_LITERAL_NULL_CONVERSION = YES;
				CLANG_WARN_OBJC_IMPLICIT_RETAIN_SELF = YES;
				CLANG_WARN_OBJC_LITERAL_CONVERSION = YES;
				CLANG_WARN_OBJC_ROOT_CLASS = YES_ERROR;
				CLANG_WARN_QUOTED_INCLUDE_IN_FRAMEWORK_HEADER = YES;
				CLANG_WARN_RANGE_LOOP_ANALYSIS = YES;
				CLANG_WARN_STRICT_PROTOTYPES = YES;
				CLANG_WARN_SUSPICIOUS_MOVE = YES;
				CLANG_WARN_UNGUARDED_AVAILABILITY = YES_AGGRESSIVE;
				CLANG_WARN_UNREACHABLE_CODE = YES;
				CLANG_WARN__DUPLICATE_METHOD_MATCH = YES;
				COPY_PHASE_STRIP = NO;
				DEBUG_INFORMATION_FORMAT = "dwarf-with-dsym";
				ENABLE_NS_ASSERTIONS = NO;
				ENABLE_STRICT_OBJC_MSGSEND = YES;
				GCC_C_LANGUAGE_STANDARD = gnu11;
				GCC_NO_COMMON_BLOCKS = YES;
				GCC_WARN_64_TO_32_BIT_CONVERSION = YES;
				GCC_WARN_ABOUT_RETURN_TYPE = YES_ERROR;
				GCC_WARN_UNDECLARED_SELECTOR = YES;
				GCC_WARN_UNINITIALIZED_AUTOS = YES_AGGRESSIVE;
				GCC_WARN_UNUSED_FUNCTION = YES;
				GCC_WARN_UNUSED_VARIABLE = YES;
				IPHONEOS_DEPLOYMENT_TARGET = 16.2;
				MTL_ENABLE_DEBUG_INFO = NO;
				MTL_FAST_MATH = YES;
				SDKROOT = iphoneos;
				SWIFT_COMPILATION_MODE = wholemodule;
				SWIFT_OPTIMIZATION_LEVEL = "-O";
				VALIDATE_PRODUCT = YES;
			};
			name = Release;
		};
		F965FE6C2BA89AE600DBD5E1 /* Debug */ = {
			isa = XCBuildConfiguration;
			buildSettings = {
				ASSETCATALOG_COMPILER_APPICON_NAME = AppIcon;
				ASSETCATALOG_COMPILER_GLOBAL_ACCENT_COLOR_NAME = AccentColor;
				CODE_SIGN_STYLE = Automatic;
				CURRENT_PROJECT_VERSION = 1;
				GENERATE_INFOPLIST_FILE = YES;
				INFOPLIST_FILE = InterviewPrepration/Info.plist;
				INFOPLIST_KEY_UIApplicationSupportsIndirectInputEvents = YES;
				INFOPLIST_KEY_UILaunchStoryboardName = LaunchScreen;
				INFOPLIST_KEY_UIMainStoryboardFile = Main;
				INFOPLIST_KEY_UISupportedInterfaceOrientations_iPad = "UIInterfaceOrientationPortrait UIInterfaceOrientationPortraitUpsideDown UIInterfaceOrientationLandscapeLeft UIInterfaceOrientationLandscapeRight";
				INFOPLIST_KEY_UISupportedInterfaceOrientations_iPhone = "UIInterfaceOrientationPortrait UIInterfaceOrientationLandscapeLeft UIInterfaceOrientationLandscapeRight";
				LD_RUNPATH_SEARCH_PATHS = (
					"$(inherited)",
					"@executable_path/Frameworks",
				);
				MARKETING_VERSION = 1.0;
				PRODUCT_BUNDLE_IDENTIFIER = com.sanssofttech.InterviewPrepration;
				PRODUCT_NAME = "$(TARGET_NAME)";
				SWIFT_EMIT_LOC_STRINGS = YES;
				SWIFT_VERSION = 5.0;
				TARGETED_DEVICE_FAMILY = "1,2";
			};
			name = Debug;
		};
		F965FE6D2BA89AE600DBD5E1 /* Release */ = {
			isa = XCBuildConfiguration;
			buildSettings = {
				ASSETCATALOG_COMPILER_APPICON_NAME = AppIcon;
				ASSETCATALOG_COMPILER_GLOBAL_ACCENT_COLOR_NAME = AccentColor;
				CODE_SIGN_STYLE = Automatic;
				CURRENT_PROJECT_VERSION = 1;
				GENERATE_INFOPLIST_FILE = YES;
				INFOPLIST_FILE = InterviewPrepration/Info.plist;
				INFOPLIST_KEY_UIApplicationSupportsIndirectInputEvents = YES;
				INFOPLIST_KEY_UILaunchStoryboardName = LaunchScreen;
				INFOPLIST_KEY_UIMainStoryboardFile = Main;
				INFOPLIST_KEY_UISupportedInterfaceOrientations_iPad = "UIInterfaceOrientationPortrait UIInterfaceOrientationPortraitUpsideDown UIInterfaceOrientationLandscapeLeft UIInterfaceOrientationLandscapeRight";
				INFOPLIST_KEY_UISupportedInterfaceOrientations_iPhone = "UIInterfaceOrientationPortrait UIInterfaceOrientationLandscapeLeft UIInterfaceOrientationLandscapeRight";
				LD_RUNPATH_SEARCH_PATHS = (
					"$(inherited)",
					"@executable_path/Frameworks",
				);
				MARKETING_VERSION = 1.0;
				PRODUCT_BUNDLE_IDENTIFIER = com.sanssofttech.InterviewPrepration;
				PRODUCT_NAME = "$(TARGET_NAME)";
				SWIFT_EMIT_LOC_STRINGS = YES;
				SWIFT_VERSION = 5.0;
				TARGETED_DEVICE_FAMILY = "1,2";
			};
			name = Release;
		};
		F965FE6F2BA89AE600DBD5E1 /* Debug */ = {
			isa = XCBuildConfiguration;
			buildSettings = {
				ALWAYS_EMBED_SWIFT_STANDARD_LIBRARIES = YES;
				BUNDLE_LOADER = "$(TEST_HOST)";
				CODE_SIGN_STYLE = Automatic;
				CURRENT_PROJECT_VERSION = 1;
				GENERATE_INFOPLIST_FILE = YES;
				IPHONEOS_DEPLOYMENT_TARGET = 16.2;
				MARKETING_VERSION = 1.0;
				PRODUCT_BUNDLE_IDENTIFIER = com.sanssofttech.InterviewPreprationTests;
				PRODUCT_NAME = "$(TARGET_NAME)";
				SWIFT_EMIT_LOC_STRINGS = NO;
				SWIFT_VERSION = 5.0;
				TARGETED_DEVICE_FAMILY = "1,2";
				TEST_HOST = "$(BUILT_PRODUCTS_DIR)/InterviewPrepration.app/$(BUNDLE_EXECUTABLE_FOLDER_PATH)/InterviewPrepration";
			};
			name = Debug;
		};
		F965FE702BA89AE600DBD5E1 /* Release */ = {
			isa = XCBuildConfiguration;
			buildSettings = {
				ALWAYS_EMBED_SWIFT_STANDARD_LIBRARIES = YES;
				BUNDLE_LOADER = "$(TEST_HOST)";
				CODE_SIGN_STYLE = Automatic;
				CURRENT_PROJECT_VERSION = 1;
				GENERATE_INFOPLIST_FILE = YES;
				IPHONEOS_DEPLOYMENT_TARGET = 16.2;
				MARKETING_VERSION = 1.0;
				PRODUCT_BUNDLE_IDENTIFIER = com.sanssofttech.InterviewPreprationTests;
				PRODUCT_NAME = "$(TARGET_NAME)";
				SWIFT_EMIT_LOC_STRINGS = NO;
				SWIFT_VERSION = 5.0;
				TARGETED_DEVICE_FAMILY = "1,2";
				TEST_HOST = "$(BUILT_PRODUCTS_DIR)/InterviewPrepration.app/$(BUNDLE_EXECUTABLE_FOLDER_PATH)/InterviewPrepration";
			};
			name = Release;
		};
		F965FE722BA89AE600DBD5E1 /* Debug */ = {
			isa = XCBuildConfiguration;
			buildSettings = {
				ALWAYS_EMBED_SWIFT_STANDARD_LIBRARIES = YES;
				CODE_SIGN_STYLE = Automatic;
				CURRENT_PROJECT_VERSION = 1;
				GENERATE_INFOPLIST_FILE = YES;
				MARKETING_VERSION = 1.0;
				PRODUCT_BUNDLE_IDENTIFIER = com.sanssofttech.InterviewPreprationUITests;
				PRODUCT_NAME = "$(TARGET_NAME)";
				SWIFT_EMIT_LOC_STRINGS = NO;
				SWIFT_VERSION = 5.0;
				TARGETED_DEVICE_FAMILY = "1,2";
				TEST_TARGET_NAME = InterviewPrepration;
			};
			name = Debug;
		};
		F965FE732BA89AE600DBD5E1 /* Release */ = {
			isa = XCBuildConfiguration;
			buildSettings = {
				ALWAYS_EMBED_SWIFT_STANDARD_LIBRARIES = YES;
				CODE_SIGN_STYLE = Automatic;
				CURRENT_PROJECT_VERSION = 1;
				GENERATE_INFOPLIST_FILE = YES;
				MARKETING_VERSION = 1.0;
				PRODUCT_BUNDLE_IDENTIFIER = com.sanssofttech.InterviewPreprationUITests;
				PRODUCT_NAME = "$(TARGET_NAME)";
				SWIFT_EMIT_LOC_STRINGS = NO;
				SWIFT_VERSION = 5.0;
				TARGETED_DEVICE_FAMILY = "1,2";
				TEST_TARGET_NAME = InterviewPrepration;
			};
			name = Release;
		};
/* End XCBuildConfiguration section */

/* Begin XCConfigurationList section */
		F965FE392BA89AE400DBD5E1 /* Build configuration list for PBXProject "InterviewPrepration" */ = {
			isa = XCConfigurationList;
			buildConfigurations = (
				F965FE692BA89AE600DBD5E1 /* Debug */,
				F965FE6A2BA89AE600DBD5E1 /* Release */,
			);
			defaultConfigurationIsVisible = 0;
			defaultConfigurationName = Release;
		};
		F965FE6B2BA89AE600DBD5E1 /* Build configuration list for PBXNativeTarget "InterviewPrepration" */ = {
			isa = XCConfigurationList;
			buildConfigurations = (
				F965FE6C2BA89AE600DBD5E1 /* Debug */,
				F965FE6D2BA89AE600DBD5E1 /* Release */,
			);
			defaultConfigurationIsVisible = 0;
			defaultConfigurationName = Release;
		};
		F965FE6E2BA89AE600DBD5E1 /* Build configuration list for PBXNativeTarget "InterviewPreprationTests" */ = {
			isa = XCConfigurationList;
			buildConfigurations = (
				F965FE6F2BA89AE600DBD5E1 /* Debug */,
				F965FE702BA89AE600DBD5E1 /* Release */,
			);
			defaultConfigurationIsVisible = 0;
			defaultConfigurationName = Release;
		};
		F965FE712BA89AE600DBD5E1 /* Build configuration list for PBXNativeTarget "InterviewPreprationUITests" */ = {
			isa = XCConfigurationList;
			buildConfigurations = (
				F965FE722BA89AE600DBD5E1 /* Debug */,
				F965FE732BA89AE600DBD5E1 /* Release */,
			);
			defaultConfigurationIsVisible = 0;
			defaultConfigurationName = Release;
		};
/* End XCConfigurationList section */

/* Begin XCVersionGroup section */
		F965FE4A2BA89AE400DBD5E1 /* InterviewPrepration.xcdatamodeld */ = {
			isa = XCVersionGroup;
			children = (
				F965FE4B2BA89AE400DBD5E1 /* InterviewPrepration.xcdatamodel */,
			);
			currentVersion = F965FE4B2BA89AE400DBD5E1 /* InterviewPrepration.xcdatamodel */;
			path = InterviewPrepration.xcdatamodeld;
			sourceTree = "<group>";
			versionGroupType = wrapper.xcdatamodel;
		};
/* End XCVersionGroup section */
	};
	rootObject = F965FE362BA89AE400DBD5E1 /* Project object */;
}
